// !$*UTF8*$!
{
	archiveVersion = 1;
	classes = {
	};
	objectVersion = 46;
	objects = {

/* Begin PBXBuildFile section */
		4A2FF1791A15E4D60046180A /* main.m in Sources */ = {isa = PBXBuildFile; fileRef = 4A2FF1781A15E4D60046180A /* main.m */; };
		4A2FF17C1A15E4D60046180A /* AppDelegate.m in Sources */ = {isa = PBXBuildFile; fileRef = 4A2FF17B1A15E4D60046180A /* AppDelegate.m */; };
		4A2FF17F1A15E4D60046180A /* FirstViewController.m in Sources */ = {isa = PBXBuildFile; fileRef = 4A2FF17E1A15E4D60046180A /* FirstViewController.m */; };
		4A2FF1821A15E4D60046180A /* SecondViewController.m in Sources */ = {isa = PBXBuildFile; fileRef = 4A2FF1811A15E4D60046180A /* SecondViewController.m */; };
		4A2FF1851A15E4D60046180A /* Main.storyboard in Resources */ = {isa = PBXBuildFile; fileRef = 4A2FF1831A15E4D60046180A /* Main.storyboard */; };
		4A2FF1871A15E4D70046180A /* Images.xcassets in Resources */ = {isa = PBXBuildFile; fileRef = 4A2FF1861A15E4D70046180A /* Images.xcassets */; };
		4A2FF18A1A15E4D70046180A /* LaunchScreen.xib in Resources */ = {isa = PBXBuildFile; fileRef = 4A2FF1881A15E4D70046180A /* LaunchScreen.xib */; };
		4A2FF1961A15E4D70046180A /* EPSClubTests.m in Sources */ = {isa = PBXBuildFile; fileRef = 4A2FF1951A15E4D70046180A /* EPSClubTests.m */; };
/* End PBXBuildFile section */

/* Begin PBXContainerItemProxy section */
		4A2FF1901A15E4D70046180A /* PBXContainerItemProxy */ = {
			isa = PBXContainerItemProxy;
			containerPortal = 4A2FF16B1A15E4D60046180A /* Project object */;
			proxyType = 1;
			remoteGlobalIDString = 4A2FF1721A15E4D60046180A;
			remoteInfo = EPSClub;
		};
/* End PBXContainerItemProxy section */

/* Begin PBXFileReference section */
		4A2FF1731A15E4D60046180A /* EPSClub.app */ = {isa = PBXFileReference; explicitFileType = wrapper.application; includeInIndex = 0; path = EPSClub.app; sourceTree = BUILT_PRODUCTS_DIR; };
		4A2FF1771A15E4D60046180A /* Info.plist */ = {isa = PBXFileReference; lastKnownFileType = text.plist.xml; path = Info.plist; sourceTree = "<group>"; };
		4A2FF1781A15E4D60046180A /* main.m */ = {isa = PBXFileReference; lastKnownFileType = sourcecode.c.objc; path = main.m; sourceTree = "<group>"; };
		4A2FF17A1A15E4D60046180A /* AppDelegate.h */ = {isa = PBXFileReference; lastKnownFileType = sourcecode.c.h; path = AppDelegate.h; sourceTree = "<group>"; };
		4A2FF17B1A15E4D60046180A /* AppDelegate.m */ = {isa = PBXFileReference; lastKnownFileType = sourcecode.c.objc; path = AppDelegate.m; sourceTree = "<group>"; };
		4A2FF17D1A15E4D60046180A /* FirstViewController.h */ = {isa = PBXFileReference; lastKnownFileType = sourcecode.c.h; path = FirstViewController.h; sourceTree = "<group>"; };
		4A2FF17E1A15E4D60046180A /* FirstViewController.m */ = {isa = PBXFileReference; lastKnownFileType = sourcecode.c.objc; path = FirstViewController.m; sourceTree = "<group>"; };
		4A2FF1801A15E4D60046180A /* SecondViewController.h */ = {isa = PBXFileReference; lastKnownFileType = sourcecode.c.h; path = SecondViewController.h; sourceTree = "<group>"; };
		4A2FF1811A15E4D60046180A /* SecondViewController.m */ = {isa = PBXFileReference; lastKnownFileType = sourcecode.c.objc; path = SecondViewController.m; sourceTree = "<group>"; };
		4A2FF1841A15E4D60046180A /* Base */ = {isa = PBXFileReference; lastKnownFileType = file.storyboard; name = Base; path = Base.lproj/Main.storyboard; sourceTree = "<group>"; };
		4A2FF1861A15E4D70046180A /* Images.xcassets */ = {isa = PBXFileReference; lastKnownFileType = folder.assetcatalog; path = Images.xcassets; sourceTree = "<group>"; };
		4A2FF1891A15E4D70046180A /* Base */ = {isa = PBXFileReference; lastKnownFileType = file.xib; name = Base; path = Base.lproj/LaunchScreen.xib; sourceTree = "<group>"; };
		4A2FF18F1A15E4D70046180A /* EPSClubTests.xctest */ = {isa = PBXFileReference; explicitFileType = wrapper.cfbundle; includeInIndex = 0; path = EPSClubTests.xctest; sourceTree = BUILT_PRODUCTS_DIR; };
		4A2FF1941A15E4D70046180A /* Info.plist */ = {isa = PBXFileReference; lastKnownFileType = text.plist.xml; path = Info.plist; sourceTree = "<group>"; };
		4A2FF1951A15E4D70046180A /* EPSClubTests.m */ = {isa = PBXFileReference; lastKnownFileType = sourcecode.c.objc; path = EPSClubTests.m; sourceTree = "<group>"; };
/* End PBXFileReference section */

/* Begin PBXFrameworksBuildPhase section */
		4A2FF1701A15E4D60046180A /* Frameworks */ = {
			isa = PBXFrameworksBuildPhase;
			buildActionMask = 2147483647;
			files = (
			);
			runOnlyForDeploymentPostprocessing = 0;
		};
		4A2FF18C1A15E4D70046180A /* Frameworks */ = {
			isa = PBXFrameworksBuildPhase;
			buildActionMask = 2147483647;
			files = (
			);
			runOnlyForDeploymentPostprocessing = 0;
		};
/* End PBXFrameworksBuildPhase section */

/* Begin PBXGroup section */
		4A2FF16A1A15E4D60046180A = {
			isa = PBXGroup;
			children = (
				4A2FF1751A15E4D60046180A /* EPSClub */,
				4A2FF1921A15E4D70046180A /* EPSClubTests */,
				4A2FF1741A15E4D60046180A /* Products */,
			);
			sourceTree = "<group>";
		};
		4A2FF1741A15E4D60046180A /* Products */ = {
			isa = PBXGroup;
			children = (
				4A2FF1731A15E4D60046180A /* EPSClub.app */,
				4A2FF18F1A15E4D70046180A /* EPSClubTests.xctest */,
			);
			name = Products;
			sourceTree = "<group>";
		};
		4A2FF1751A15E4D60046180A /* EPSClub */ = {
			isa = PBXGroup;
			children = (
				4A2FF17A1A15E4D60046180A /* AppDelegate.h */,
				4A2FF17B1A15E4D60046180A /* AppDelegate.m */,
				4A2FF17D1A15E4D60046180A /* FirstViewController.h */,
				4A2FF17E1A15E4D60046180A /* FirstViewController.m */,
				4A2FF1801A15E4D60046180A /* SecondViewController.h */,
				4A2FF1811A15E4D60046180A /* SecondViewController.m */,
				4A2FF1831A15E4D60046180A /* Main.storyboard */,
				4A2FF1861A15E4D70046180A /* Images.xcassets */,
				4A2FF1881A15E4D70046180A /* LaunchScreen.xib */,
				4A2FF1761A15E4D60046180A /* Supporting Files */,
			);
			path = EPSClub;
			sourceTree = "<group>";
		};
		4A2FF1761A15E4D60046180A /* Supporting Files */ = {
			isa = PBXGroup;
			children = (
				4A2FF1771A15E4D60046180A /* Info.plist */,
				4A2FF1781A15E4D60046180A /* main.m */,
			);
			name = "Supporting Files";
			sourceTree = "<group>";
		};
		4A2FF1921A15E4D70046180A /* EPSClubTests */ = {
			isa = PBXGroup;
			children = (
				4A2FF1951A15E4D70046180A /* EPSClubTests.m */,
				4A2FF1931A15E4D70046180A /* Supporting Files */,
			);
			path = EPSClubTests;
			sourceTree = "<group>";
		};
		4A2FF1931A15E4D70046180A /* Supporting Files */ = {
			isa = PBXGroup;
			children = (
				4A2FF1941A15E4D70046180A /* Info.plist */,
			);
			name = "Supporting Files";
			sourceTree = "<group>";
		};
/* End PBXGroup section */

/* Begin PBXNativeTarget section */
		4A2FF1721A15E4D60046180A /* EPSClub */ = {
			isa = PBXNativeTarget;
			buildConfigurationList = 4A2FF1991A15E4D70046180A /* Build configuration list for PBXNativeTarget "EPSClub" */;
			buildPhases = (
				4A2FF16F1A15E4D60046180A /* Sources */,
				4A2FF1701A15E4D60046180A /* Frameworks */,
				4A2FF1711A15E4D60046180A /* Resources */,
			);
			buildRules = (
			);
			dependencies = (
			);
			name = EPSClub;
			productName = EPSClub;
			productReference = 4A2FF1731A15E4D60046180A /* EPSClub.app */;
			productType = "com.apple.product-type.application";
		};
		4A2FF18E1A15E4D70046180A /* EPSClubTests */ = {
			isa = PBXNativeTarget;
			buildConfigurationList = 4A2FF19C1A15E4D70046180A /* Build configuration list for PBXNativeTarget "EPSClubTests" */;
			buildPhases = (
				4A2FF18B1A15E4D70046180A /* Sources */,
				4A2FF18C1A15E4D70046180A /* Frameworks */,
				4A2FF18D1A15E4D70046180A /* Resources */,
			);
			buildRules = (
			);
			dependencies = (
				4A2FF1911A15E4D70046180A /* PBXTargetDependency */,
			);
			name = EPSClubTests;
			productName = EPSClubTests;
			productReference = 4A2FF18F1A15E4D70046180A /* EPSClubTests.xctest */;
			productType = "com.apple.product-type.bundle.unit-test";
		};
/* End PBXNativeTarget section */

/* Begin PBXProject section */
		4A2FF16B1A15E4D60046180A /* Project object */ = {
			isa = PBXProject;
			attributes = {
				LastUpgradeCheck = 0610;
				ORGANIZATIONNAME = "Tony Li";
				TargetAttributes = {
					4A2FF1721A15E4D60046180A = {
						CreatedOnToolsVersion = 6.1;
					};
					4A2FF18E1A15E4D70046180A = {
						CreatedOnToolsVersion = 6.1;
						TestTargetID = 4A2FF1721A15E4D60046180A;
					};
				};
			};
			buildConfigurationList = 4A2FF16E1A15E4D60046180A /* Build configuration list for PBXProject "EPSClub" */;
			compatibilityVersion = "Xcode 3.2";
			developmentRegion = English;
			hasScannedForEncodings = 0;
			knownRegions = (
				en,
				Base,
			);
			mainGroup = 4A2FF16A1A15E4D60046180A;
			productRefGroup = 4A2FF1741A15E4D60046180A /* Products */;
			projectDirPath = "";
			projectRoot = "";
			targets = (
				4A2FF1721A15E4D60046180A /* EPSClub */,
				4A2FF18E1A15E4D70046180A /* EPSClubTests */,
			);
		};
/* End PBXProject section */

/* Begin PBXResourcesBuildPhase section */
		4A2FF1711A15E4D60046180A /* Resources */ = {
			isa = PBXResourcesBuildPhase;
			buildActionMask = 2147483647;
			files = (
				4A2FF1851A15E4D60046180A /* Main.storyboard in Resources */,
				4A2FF18A1A15E4D70046180A /* LaunchScreen.xib in Resources */,
				4A2FF1871A15E4D70046180A /* Images.xcassets in Resources */,
			);
			runOnlyForDeploymentPostprocessing = 0;
		};
		4A2FF18D1A15E4D70046180A /* Resources */ = {
			isa = PBXResourcesBuildPhase;
			buildActionMask = 2147483647;
			files = (
			);
			runOnlyForDeploymentPostprocessing = 0;
		};
/* End PBXResourcesBuildPhase section */

/* Begin PBXSourcesBuildPhase section */
		4A2FF16F1A15E4D60046180A /* Sources */ = {
			isa = PBXSourcesBuildPhase;
			buildActionMask = 2147483647;
			files = (
				4A2FF1821A15E4D60046180A /* SecondViewController.m in Sources */,
				4A2FF17C1A15E4D60046180A /* AppDelegate.m in Sources */,
				4A2FF17F1A15E4D60046180A /* FirstViewController.m in Sources */,
				4A2FF1791A15E4D60046180A /* main.m in Sources */,
			);
			runOnlyForDeploymentPostprocessing = 0;
		};
		4A2FF18B1A15E4D70046180A /* Sources */ = {
			isa = PBXSourcesBuildPhase;
			buildActionMask = 2147483647;
			files = (
				4A2FF1961A15E4D70046180A /* EPSClubTests.m in Sources */,
			);
			runOnlyForDeploymentPostprocessing = 0;
		};
/* End PBXSourcesBuildPhase section */

/* Begin PBXTargetDependency section */
		4A2FF1911A15E4D70046180A /* PBXTargetDependency */ = {
			isa = PBXTargetDependency;
			target = 4A2FF1721A15E4D60046180A /* EPSClub */;
			targetProxy = 4A2FF1901A15E4D70046180A /* PBXContainerItemProxy */;
		};
/* End PBXTargetDependency section */

/* Begin PBXVariantGroup section */
		4A2FF1831A15E4D60046180A /* Main.storyboard */ = {
			isa = PBXVariantGroup;
			children = (
				4A2FF1841A15E4D60046180A /* Base */,
			);
			name = Main.storyboard;
			sourceTree = "<group>";
		};
		4A2FF1881A15E4D70046180A /* LaunchScreen.xib */ = {
			isa = PBXVariantGroup;
			children = (
				4A2FF1891A15E4D70046180A /* Base */,
			);
			name = LaunchScreen.xib;
			sourceTree = "<group>";
		};
/* End PBXVariantGroup section */

/* Begin XCBuildConfiguration section */
		4A2FF1971A15E4D70046180A /* Debug */ = {
			isa = XCBuildConfiguration;
			buildSettings = {
				ALWAYS_SEARCH_USER_PATHS = NO;
				CLANG_CXX_LANGUAGE_STANDARD = "gnu++0x";
				CLANG_CXX_LIBRARY = "libc++";
				CLANG_ENABLE_MODULES = YES;
				CLANG_ENABLE_OBJC_ARC = YES;
				CLANG_WARN_BOOL_CONVERSION = YES;
				CLANG_WARN_CONSTANT_CONVERSION = YES;
				CLANG_WARN_DIRECT_OBJC_ISA_USAGE = YES_ERROR;
				CLANG_WARN_EMPTY_BODY = YES;
				CLANG_WARN_ENUM_CONVERSION = YES;
				CLANG_WARN_INT_CONVERSION = YES;
				CLANG_WARN_OBJC_ROOT_CLASS = YES_ERROR;
				CLANG_WARN_UNREACHABLE_CODE = YES;
				CLANG_WARN__DUPLICATE_METHOD_MATCH = YES;
				"CODE_SIGN_IDENTITY[sdk=iphoneos*]" = "iPhone Developer";
				COPY_PHASE_STRIP = NO;
				ENABLE_STRICT_OBJC_MSGSEND = YES;
				GCC_C_LANGUAGE_STANDARD = gnu99;
				GCC_DYNAMIC_NO_PIC = NO;
				GCC_OPTIMIZATION_LEVEL = 0;
				GCC_PREPROCESSOR_DEFINITIONS = (
					"DEBUG=1",
					"$(inherited)",
				);
				GCC_SYMBOLS_PRIVATE_EXTERN = NO;
				GCC_WARN_64_TO_32_BIT_CONVERSION = YES;
				GCC_WARN_ABOUT_RETURN_TYPE = YES_ERROR;
				GCC_WARN_UNDECLARED_SELECTOR = YES;
				GCC_WARN_UNINITIALIZED_AUTOS = YES_AGGRESSIVE;
				GCC_WARN_UNUSED_FUNCTION = YES;
				GCC_WARN_UNUSED_VARIABLE = YES;
				IPHONEOS_DEPLOYMENT_TARGET = 8.1;
				MTL_ENABLE_DEBUG_INFO = YES;
				ONLY_ACTIVE_ARCH = YES;
				SDKROOT = iphoneos;
				TARGETED_DEVICE_FAMILY = "1,2";
			};
			name = Debug;
		};
		4A2FF1981A15E4D70046180A /* Release */ = {
			isa = XCBuildConfiguration;
			buildSettings = {
				ALWAYS_SEARCH_USER_PATHS = NO;
				CLANG_CXX_LANGUAGE_STANDARD = "gnu++0x";
				CLANG_CXX_LIBRARY = "libc++";
				CLANG_ENABLE_MODULES = YES;
				CLANG_ENABLE_OBJC_ARC = YES;
				CLANG_WARN_BOOL_CONVERSION = YES;
				CLANG_WARN_CONSTANT_CONVERSION = YES;
				CLANG_WARN_DIRECT_OBJC_ISA_USAGE = YES_ERROR;
				CLANG_WARN_EMPTY_BODY = YES;
				CLANG_WARN_ENUM_CONVERSION = YES;
				CLANG_WARN_INT_CONVERSION = YES;
				CLANG_WARN_OBJC_ROOT_CLASS = YES_ERROR;
				CLANG_WARN_UNREACHABLE_CODE = YES;
				CLANG_WARN__DUPLICATE_METHOD_MATCH = YES;
				"CODE_SIGN_IDENTITY[sdk=iphoneos*]" = "iPhone Developer";
				COPY_PHASE_STRIP = YES;
				ENABLE_NS_ASSERTIONS = NO;
				ENABLE_STRICT_OBJC_MSGSEND = YES;
				GCC_C_LANGUAGE_STANDARD = gnu99;
				GCC_WARN_64_TO_32_BIT_CONVERSION = YES;
				GCC_WARN_ABOUT_RETURN_TYPE = YES_ERROR;
				GCC_WARN_UNDECLARED_SELECTOR = YES;
				GCC_WARN_UNINITIALIZED_AUTOS = YES_AGGRESSIVE;
				GCC_WARN_UNUSED_FUNCTION = YES;
				GCC_WARN_UNUSED_VARIABLE = YES;
				IPHONEOS_DEPLOYMENT_TARGET = 8.1;
				MTL_ENABLE_DEBUG_INFO = NO;
				SDKROOT = iphoneos;
				TARGETED_DEVICE_FAMILY = "1,2";
				VALIDATE_PRODUCT = YES;
			};
			name = Release;
		};
		4A2FF19A1A15E4D70046180A /* Debug */ = {
			isa = XCBuildConfiguration;
			buildSettings = {
				ASSETCATALOG_COMPILER_APPICON_NAME = AppIcon;
				INFOPLIST_FILE = EPSClub/Info.plist;
				LD_RUNPATH_SEARCH_PATHS = "$(inherited) @executable_path/Frameworks";
				PRODUCT_NAME = "$(TARGET_NAME)";
			};
			name = Debug;
		};
		4A2FF19B1A15E4D70046180A /* Release */ = {
			isa = XCBuildConfiguration;
			buildSettings = {
				ASSETCATALOG_COMPILER_APPICON_NAME = AppIcon;
				INFOPLIST_FILE = EPSClub/Info.plist;
				LD_RUNPATH_SEARCH_PATHS = "$(inherited) @executable_path/Frameworks";
				PRODUCT_NAME = "$(TARGET_NAME)";
			};
			name = Release;
		};
		4A2FF19D1A15E4D70046180A /* Debug */ = {
			isa = XCBuildConfiguration;
			buildSettings = {
				BUNDLE_LOADER = "$(TEST_HOST)";
				FRAMEWORK_SEARCH_PATHS = (
					"$(SDKROOT)/Developer/Library/Frameworks",
					"$(inherited)",
				);
				GCC_PREPROCESSOR_DEFINITIONS = (
					"DEBUG=1",
					"$(inherited)",
				);
				INFOPLIST_FILE = EPSClubTests/Info.plist;
				LD_RUNPATH_SEARCH_PATHS = "$(inherited) @executable_path/Frameworks @loader_path/Frameworks";
				PRODUCT_NAME = "$(TARGET_NAME)";
				TEST_HOST = "$(BUILT_PRODUCTS_DIR)/EPSClub.app/EPSClub";
			};
			name = Debug;
		};
		4A2FF19E1A15E4D70046180A /* Release */ = {
			isa = XCBuildConfiguration;
			buildSettings = {
				BUNDLE_LOADER = "$(TEST_HOST)";
				FRAMEWORK_SEARCH_PATHS = (
					"$(SDKROOT)/Developer/Library/Frameworks",
					"$(inherited)",
				);
				INFOPLIST_FILE = EPSClubTests/Info.plist;
				LD_RUNPATH_SEARCH_PATHS = "$(inherited) @executable_path/Frameworks @loader_path/Frameworks";
				PRODUCT_NAME = "$(TARGET_NAME)";
				TEST_HOST = "$(BUILT_PRODUCTS_DIR)/EPSClub.app/EPSClub";
			};
			name = Release;
		};
/* End XCBuildConfiguration section */

/* Begin XCConfigurationList section */
		4A2FF16E1A15E4D60046180A /* Build configuration list for PBXProject "EPSClub" */ = {
			isa = XCConfigurationList;
			buildConfigurations = (
				4A2FF1971A15E4D70046180A /* Debug */,
				4A2FF1981A15E4D70046180A /* Release */,
			);
			defaultConfigurationIsVisible = 0;
			defaultConfigurationName = Release;
		};
		4A2FF1991A15E4D70046180A /* Build configuration list for PBXNativeTarget "EPSClub" */ = {
			isa = XCConfigurationList;
			buildConfigurations = (
				4A2FF19A1A15E4D70046180A /* Debug */,
				4A2FF19B1A15E4D70046180A /* Release */,
			);
			defaultConfigurationIsVisible = 0;
		};
		4A2FF19C1A15E4D70046180A /* Build configuration list for PBXNativeTarget "EPSClubTests" */ = {
			isa = XCConfigurationList;
			buildConfigurations = (
				4A2FF19D1A15E4D70046180A /* Debug */,
				4A2FF19E1A15E4D70046180A /* Release */,
			);
			defaultConfigurationIsVisible = 0;
		};
/* End XCConfigurationList section */
	};
	rootObject = 4A2FF16B1A15E4D60046180A /* Project object */;
}
